
Microsoft Visual Studio Solution File, Format Version 12.00
# Visual Studio Version 16
VisualStudioVersion = 16.0.30717.126
MinimumVisualStudioVersion = 10.0.40219.1
Project("{FAE04EC0-301F-11D3-BF4B-00C04F79EFBC}") = "Case", "Case\Case.csproj", "{8BA0539A-F90E-4928-A546-090BFB8FE23A}"
EndProject
Global
	GlobalSection(SolutionConfigurationPlatforms) = preSolution
		Debug|Any CPU = Debug|Any CPU
		Release|Any CPU = Release|Any CPU
	EndGlobalSection
	GlobalSection(ProjectConfigurationPlatforms) = postSolution
		{8BA0539A-F90E-4928-A546-090BFB8FE23A}.Debug|Any CPU.ActiveCfg = Debug|Any CPU
		{8BA0539A-F90E-4928-A546-090BFB8FE23A}.Debug|Any CPU.Build.0 = Debug|Any CPU
		{8BA0539A-F90E-4928-A546-090BFB8FE23A}.Release|Any CPU.ActiveCfg = Release|Any CPU
		{8BA0539A-F90E-4928-A546-090BFB8FE23A}.Release|Any CPU.Build.0 = Release|Any CPU
	EndGlobalSection
	GlobalSection(SolutionProperties) = preSolution
		HideSolutionNode = FALSE
	EndGlobalSection
	GlobalSection(ExtensibilityGlobals) = postSolution
		SolutionGuid = {5F0FBF7A-4BDA-4993-B5A0-0708C39A8197}
	EndGlobalSection
EndGlobal
