
Microsoft Visual Studio Solution File, Format Version 12.00
# Visual Studio Version 16
VisualStudioVersion = 16.0.30804.86
MinimumVisualStudioVersion = 10.0.40219.1
Project("{FAE04EC0-301F-11D3-BF4B-00C04F79EFBC}") = "Oefening Katten en honden", "Oefening Katten en honden\Oefening Katten en honden.csproj", "{C589E242-10A3-413C-9272-A6818C4638C2}"
EndProject
Global
	GlobalSection(SolutionConfigurationPlatforms) = preSolution
		Debug|Any CPU = Debug|Any CPU
		Release|Any CPU = Release|Any CPU
	EndGlobalSection
	GlobalSection(ProjectConfigurationPlatforms) = postSolution
		{C589E242-10A3-413C-9272-A6818C4638C2}.Debug|Any CPU.ActiveCfg = Debug|Any CPU
		{C589E242-10A3-413C-9272-A6818C4638C2}.Debug|Any CPU.Build.0 = Debug|Any CPU
		{C589E242-10A3-413C-9272-A6818C4638C2}.Release|Any CPU.ActiveCfg = Release|Any CPU
		{C589E242-10A3-413C-9272-A6818C4638C2}.Release|Any CPU.Build.0 = Release|Any CPU
	EndGlobalSection
	GlobalSection(SolutionProperties) = preSolution
		HideSolutionNode = FALSE
	EndGlobalSection
	GlobalSection(ExtensibilityGlobals) = postSolution
		SolutionGuid = {7DC99909-F245-4418-8359-423185EFB7E2}
	EndGlobalSection
EndGlobal
