
Microsoft Visual Studio Solution File, Format Version 12.00
# Visual Studio Version 16
VisualStudioVersion = 16.0.30804.86
MinimumVisualStudioVersion = 10.0.40219.1
Project("{FAE04EC0-301F-11D3-BF4B-00C04F79EFBC}") = "BMI", "BMI\BMI.csproj", "{BDD3BBDF-87E2-4383-AFE7-41FCFEB5711B}"
EndProject
Global
	GlobalSection(SolutionConfigurationPlatforms) = preSolution
		Debug|Any CPU = Debug|Any CPU
		Release|Any CPU = Release|Any CPU
	EndGlobalSection
	GlobalSection(ProjectConfigurationPlatforms) = postSolution
		{BDD3BBDF-87E2-4383-AFE7-41FCFEB5711B}.Debug|Any CPU.ActiveCfg = Debug|Any CPU
		{BDD3BBDF-87E2-4383-AFE7-41FCFEB5711B}.Debug|Any CPU.Build.0 = Debug|Any CPU
		{BDD3BBDF-87E2-4383-AFE7-41FCFEB5711B}.Release|Any CPU.ActiveCfg = Release|Any CPU
		{BDD3BBDF-87E2-4383-AFE7-41FCFEB5711B}.Release|Any CPU.Build.0 = Release|Any CPU
	EndGlobalSection
	GlobalSection(SolutionProperties) = preSolution
		HideSolutionNode = FALSE
	EndGlobalSection
	GlobalSection(ExtensibilityGlobals) = postSolution
		SolutionGuid = {43440627-F3F2-4600-AC38-109731345238}
	EndGlobalSection
EndGlobal
